
Microsoft Visual Studio Solution File, Format Version 12.00
# Visual Studio Version 16
VisualStudioVersion = 16.0.31321.278
MinimumVisualStudioVersion = 10.0.40219.1
Project("{FAE04EC0-301F-11D3-BF4B-00C04F79EFBC}") = "HW12_DupNodup", "HW12_DupNodup\HW12_DupNodup.csproj", "{4862A355-E9CC-47E0-B9B7-40A5DF3C802B}"
EndProject
Global
	GlobalSection(SolutionConfigurationPlatforms) = preSolution
		Debug|Any CPU = Debug|Any CPU
		Release|Any CPU = Release|Any CPU
	EndGlobalSection
	GlobalSection(ProjectConfigurationPlatforms) = postSolution
		{4862A355-E9CC-47E0-B9B7-40A5DF3C802B}.Debug|Any CPU.ActiveCfg = Debug|Any CPU
		{4862A355-E9CC-47E0-B9B7-40A5DF3C802B}.Debug|Any CPU.Build.0 = Debug|Any CPU
		{4862A355-E9CC-47E0-B9B7-40A5DF3C802B}.Release|Any CPU.ActiveCfg = Release|Any CPU
		{4862A355-E9CC-47E0-B9B7-40A5DF3C802B}.Release|Any CPU.Build.0 = Release|Any CPU
	EndGlobalSection
	GlobalSection(SolutionProperties) = preSolution
		HideSolutionNode = FALSE
	EndGlobalSection
	GlobalSection(ExtensibilityGlobals) = postSolution
		SolutionGuid = {CD48EB0B-260B-4FCF-A964-093D7D2863F1}
	EndGlobalSection
EndGlobal
